// !$*UTF8*$!
{
	archiveVersion = 1;
	classes = {
	};
	objectVersion = 46;
	objects = {

/* Begin PBXBuildFile section */
		B63900791C194F1000AE9C73 /* BaseNavigationController.swift in Sources */ = {isa = PBXBuildFile; fileRef = B63900771C194F1000AE9C73 /* BaseNavigationController.swift */; };
		B639007A1C194F1000AE9C73 /* BaseViewController.swift in Sources */ = {isa = PBXBuildFile; fileRef = B63900781C194F1000AE9C73 /* BaseViewController.swift */; };
		B639007C1C194F6900AE9C73 /* JKHBTagViewController.swift in Sources */ = {isa = PBXBuildFile; fileRef = B639007B1C194F6900AE9C73 /* JKHBTagViewController.swift */; };
		B639007E1C194FB200AE9C73 /* JKHBImageListViewController.swift in Sources */ = {isa = PBXBuildFile; fileRef = B639007D1C194FB200AE9C73 /* JKHBImageListViewController.swift */; };
		B63900851C1953FC00AE9C73 /* JKHBTagCell.swift in Sources */ = {isa = PBXBuildFile; fileRef = B63900831C1953FC00AE9C73 /* JKHBTagCell.swift */; };
		B63900861C1953FC00AE9C73 /* JKHBTagCell.xib in Resources */ = {isa = PBXBuildFile; fileRef = B63900841C1953FC00AE9C73 /* JKHBTagCell.xib */; };
		B63900881C19652600AE9C73 /* JKHBTagInfo.swift in Sources */ = {isa = PBXBuildFile; fileRef = B63900871C19652600AE9C73 /* JKHBTagInfo.swift */; };
		B639008A1C1984DA00AE9C73 /* JKHBTagDetailInfo.swift in Sources */ = {isa = PBXBuildFile; fileRef = B63900891C1984DA00AE9C73 /* JKHBTagDetailInfo.swift */; };
		B64DE4351C15679B00A52792 /* OtherViewController.swift in Sources */ = {isa = PBXBuildFile; fileRef = B64DE4331C15679A00A52792 /* OtherViewController.swift */; };
		B64DE4361C15679B00A52792 /* OtherViewController.xib in Resources */ = {isa = PBXBuildFile; fileRef = B64DE4341C15679B00A52792 /* OtherViewController.xib */; };
		B663F71B1C12B52B00460420 /* AppDelegate.swift in Sources */ = {isa = PBXBuildFile; fileRef = B663F71A1C12B52B00460420 /* AppDelegate.swift */; };
		B663F71D1C12B52B00460420 /* ViewController.swift in Sources */ = {isa = PBXBuildFile; fileRef = B663F71C1C12B52B00460420 /* ViewController.swift */; };
		B663F7201C12B52B00460420 /* Main.storyboard in Resources */ = {isa = PBXBuildFile; fileRef = B663F71E1C12B52B00460420 /* Main.storyboard */; };
		B663F7221C12B52B00460420 /* Assets.xcassets in Resources */ = {isa = PBXBuildFile; fileRef = B663F7211C12B52B00460420 /* Assets.xcassets */; };
		B663F7251C12B52B00460420 /* LaunchScreen.storyboard in Resources */ = {isa = PBXBuildFile; fileRef = B663F7231C12B52B00460420 /* LaunchScreen.storyboard */; };
		B663F73A1C12B6E500460420 /* HomeViewController.swift in Sources */ = {isa = PBXBuildFile; fileRef = B663F7381C12B6E400460420 /* HomeViewController.swift */; };
		B663F73B1C12B6E500460420 /* HomeViewController.xib in Resources */ = {isa = PBXBuildFile; fileRef = B663F7391C12B6E500460420 /* HomeViewController.xib */; };
		B663F73E1C12D00A00460420 /* GameViewController.swift in Sources */ = {isa = PBXBuildFile; fileRef = B663F73C1C12D00A00460420 /* GameViewController.swift */; };
		B663F7411C12D43F00460420 /* GameView.swift in Sources */ = {isa = PBXBuildFile; fileRef = B663F7401C12D43F00460420 /* GameView.swift */; };
		B69FE2871C16896F00943536 /* AppConstants.swift in Sources */ = {isa = PBXBuildFile; fileRef = B69FE2861C16896F00943536 /* AppConstants.swift */; };
		B69FE2891C16AD4000943536 /* JKGridInfo.swift in Sources */ = {isa = PBXBuildFile; fileRef = B69FE2881C16AD4000943536 /* JKGridInfo.swift */; };
		E3A9D2388F277B5A33E91CD5 /* Pods_PingTu_swift.framework in Frameworks */ = {isa = PBXBuildFile; fileRef = 72FD0A55B5D88271857216D9 /* Pods_PingTu_swift.framework */; };
/* End PBXBuildFile section */

/* Begin PBXFileReference section */
		64CB697EA6BAF588E1828EED /* Pods-PingTu-swift.release.xcconfig */ = {isa = PBXFileReference; includeInIndex = 1; lastKnownFileType = text.xcconfig; name = "Pods-PingTu-swift.release.xcconfig"; path = "Pods/Target Support Files/Pods-PingTu-swift/Pods-PingTu-swift.release.xcconfig"; sourceTree = "<group>"; };
		72FD0A55B5D88271857216D9 /* Pods_PingTu_swift.framework */ = {isa = PBXFileReference; explicitFileType = wrapper.framework; includeInIndex = 0; path = Pods_PingTu_swift.framework; sourceTree = BUILT_PRODUCTS_DIR; };
		AACE39E67379D0A9DC602727 /* Pods-PingTu-swift.debug.xcconfig */ = {isa = PBXFileReference; includeInIndex = 1; lastKnownFileType = text.xcconfig; name = "Pods-PingTu-swift.debug.xcconfig"; path = "Pods/Target Support Files/Pods-PingTu-swift/Pods-PingTu-swift.debug.xcconfig"; sourceTree = "<group>"; };
		B63900771C194F1000AE9C73 /* BaseNavigationController.swift */ = {isa = PBXFileReference; fileEncoding = 4; lastKnownFileType = sourcecode.swift; path = BaseNavigationController.swift; sourceTree = "<group>"; };
		B63900781C194F1000AE9C73 /* BaseViewController.swift */ = {isa = PBXFileReference; fileEncoding = 4; lastKnownFileType = sourcecode.swift; path = BaseViewController.swift; sourceTree = "<group>"; };
		B639007B1C194F6900AE9C73 /* JKHBTagViewController.swift */ = {isa = PBXFileReference; fileEncoding = 4; lastKnownFileType = sourcecode.swift; path = JKHBTagViewController.swift; sourceTree = "<group>"; };
		B639007D1C194FB200AE9C73 /* JKHBImageListViewController.swift */ = {isa = PBXFileReference; fileEncoding = 4; lastKnownFileType = sourcecode.swift; path = JKHBImageListViewController.swift; sourceTree = "<group>"; };
		B63900831C1953FC00AE9C73 /* JKHBTagCell.swift */ = {isa = PBXFileReference; fileEncoding = 4; lastKnownFileType = sourcecode.swift; path = JKHBTagCell.swift; sourceTree = "<group>"; };
		B63900841C1953FC00AE9C73 /* JKHBTagCell.xib */ = {isa = PBXFileReference; fileEncoding = 4; lastKnownFileType = file.xib; path = JKHBTagCell.xib; sourceTree = "<group>"; };
		B63900871C19652600AE9C73 /* JKHBTagInfo.swift */ = {isa = PBXFileReference; fileEncoding = 4; lastKnownFileType = sourcecode.swift; path = JKHBTagInfo.swift; sourceTree = "<group>"; };
		B63900891C1984DA00AE9C73 /* JKHBTagDetailInfo.swift */ = {isa = PBXFileReference; fileEncoding = 4; lastKnownFileType = sourcecode.swift; path = JKHBTagDetailInfo.swift; sourceTree = "<group>"; };
		B64DE4331C15679A00A52792 /* OtherViewController.swift */ = {isa = PBXFileReference; fileEncoding = 4; lastKnownFileType = sourcecode.swift; path = OtherViewController.swift; sourceTree = "<group>"; };
		B64DE4341C15679B00A52792 /* OtherViewController.xib */ = {isa = PBXFileReference; fileEncoding = 4; lastKnownFileType = file.xib; path = OtherViewController.xib; sourceTree = "<group>"; };
		B663F7171C12B52B00460420 /* PingTu-swift.app */ = {isa = PBXFileReference; explicitFileType = wrapper.application; includeInIndex = 0; path = "PingTu-swift.app"; sourceTree = BUILT_PRODUCTS_DIR; };
		B663F71A1C12B52B00460420 /* AppDelegate.swift */ = {isa = PBXFileReference; lastKnownFileType = sourcecode.swift; path = AppDelegate.swift; sourceTree = "<group>"; };
		B663F71C1C12B52B00460420 /* ViewController.swift */ = {isa = PBXFileReference; lastKnownFileType = sourcecode.swift; path = ViewController.swift; sourceTree = "<group>"; };
		B663F71F1C12B52B00460420 /* Base */ = {isa = PBXFileReference; lastKnownFileType = file.storyboard; name = Base; path = Base.lproj/Main.storyboard; sourceTree = "<group>"; };
		B663F7211C12B52B00460420 /* Assets.xcassets */ = {isa = PBXFileReference; lastKnownFileType = folder.assetcatalog; path = Assets.xcassets; sourceTree = "<group>"; };
		B663F7241C12B52B00460420 /* Base */ = {isa = PBXFileReference; lastKnownFileType = file.storyboard; name = Base; path = Base.lproj/LaunchScreen.storyboard; sourceTree = "<group>"; };
		B663F7261C12B52B00460420 /* Info.plist */ = {isa = PBXFileReference; lastKnownFileType = text.plist.xml; path = Info.plist; sourceTree = "<group>"; };
		B663F7381C12B6E400460420 /* HomeViewController.swift */ = {isa = PBXFileReference; fileEncoding = 4; lastKnownFileType = sourcecode.swift; path = HomeViewController.swift; sourceTree = "<group>"; };
		B663F7391C12B6E500460420 /* HomeViewController.xib */ = {isa = PBXFileReference; fileEncoding = 4; lastKnownFileType = file.xib; path = HomeViewController.xib; sourceTree = "<group>"; };
		B663F73C1C12D00A00460420 /* GameViewController.swift */ = {isa = PBXFileReference; fileEncoding = 4; lastKnownFileType = sourcecode.swift; path = GameViewController.swift; sourceTree = "<group>"; };
		B663F7401C12D43F00460420 /* GameView.swift */ = {isa = PBXFileReference; fileEncoding = 4; lastKnownFileType = sourcecode.swift; path = GameView.swift; sourceTree = "<group>"; };
		B69FE2861C16896F00943536 /* AppConstants.swift */ = {isa = PBXFileReference; fileEncoding = 4; lastKnownFileType = sourcecode.swift; path = AppConstants.swift; sourceTree = "<group>"; };
		B69FE2881C16AD4000943536 /* JKGridInfo.swift */ = {isa = PBXFileReference; fileEncoding = 4; lastKnownFileType = sourcecode.swift; path = JKGridInfo.swift; sourceTree = "<group>"; };
/* End PBXFileReference section */

/* Begin PBXFrameworksBuildPhase section */
		B663F7141C12B52B00460420 /* Frameworks */ = {
			isa = PBXFrameworksBuildPhase;
			buildActionMask = 2147483647;
			files = (
				E3A9D2388F277B5A33E91CD5 /* Pods_PingTu_swift.framework in Frameworks */,
			);
			runOnlyForDeploymentPostprocessing = 0;
		};
/* End PBXFrameworksBuildPhase section */

/* Begin PBXGroup section */
		5B1194036345A474B017C2D6 /* Frameworks */ = {
			isa = PBXGroup;
			children = (
				72FD0A55B5D88271857216D9 /* Pods_PingTu_swift.framework */,
			);
			name = Frameworks;
			sourceTree = "<group>";
		};
		6FF8FCFDEBA45F25DB7A45FD /* Pods */ = {
			isa = PBXGroup;
			children = (
				AACE39E67379D0A9DC602727 /* Pods-PingTu-swift.debug.xcconfig */,
				64CB697EA6BAF588E1828EED /* Pods-PingTu-swift.release.xcconfig */,
			);
			name = Pods;
			sourceTree = "<group>";
		};
		B63900751C194EF500AE9C73 /* Huaban */ = {
			isa = PBXGroup;
			children = (
				B639007F1C1953BC00AE9C73 /* Cell */,
				B63900801C1953BC00AE9C73 /* Model */,
				B639007B1C194F6900AE9C73 /* JKHBTagViewController.swift */,
				B639007D1C194FB200AE9C73 /* JKHBImageListViewController.swift */,
			);
			path = Huaban;
			sourceTree = "<group>";
		};
		B63900761C194F1000AE9C73 /* Base */ = {
			isa = PBXGroup;
			children = (
				B63900771C194F1000AE9C73 /* BaseNavigationController.swift */,
				B63900781C194F1000AE9C73 /* BaseViewController.swift */,
			);
			path = Base;
			sourceTree = "<group>";
		};
		B639007F1C1953BC00AE9C73 /* Cell */ = {
			isa = PBXGroup;
			children = (
				B63900831C1953FC00AE9C73 /* JKHBTagCell.swift */,
				B63900841C1953FC00AE9C73 /* JKHBTagCell.xib */,
			);
			path = Cell;
			sourceTree = "<group>";
		};
		B63900801C1953BC00AE9C73 /* Model */ = {
			isa = PBXGroup;
			children = (
				B63900871C19652600AE9C73 /* JKHBTagInfo.swift */,
				B63900891C1984DA00AE9C73 /* JKHBTagDetailInfo.swift */,
			);
			path = Model;
			sourceTree = "<group>";
		};
		B663F70E1C12B52B00460420 = {
			isa = PBXGroup;
			children = (
				B663F7191C12B52B00460420 /* PingTu-swift */,
				B663F7181C12B52B00460420 /* Products */,
				6FF8FCFDEBA45F25DB7A45FD /* Pods */,
				5B1194036345A474B017C2D6 /* Frameworks */,
			);
			sourceTree = "<group>";
		};
		B663F7181C12B52B00460420 /* Products */ = {
			isa = PBXGroup;
			children = (
				B663F7171C12B52B00460420 /* PingTu-swift.app */,
			);
			name = Products;
			sourceTree = "<group>";
		};
		B663F7191C12B52B00460420 /* PingTu-swift */ = {
			isa = PBXGroup;
			children = (
				B63900761C194F1000AE9C73 /* Base */,
				B63900751C194EF500AE9C73 /* Huaban */,
				B663F71A1C12B52B00460420 /* AppDelegate.swift */,
				B663F71C1C12B52B00460420 /* ViewController.swift */,
				B663F7381C12B6E400460420 /* HomeViewController.swift */,
				B663F7391C12B6E500460420 /* HomeViewController.xib */,
				B64DE4331C15679A00A52792 /* OtherViewController.swift */,
				B64DE4341C15679B00A52792 /* OtherViewController.xib */,
				B663F73C1C12D00A00460420 /* GameViewController.swift */,
				B663F7401C12D43F00460420 /* GameView.swift */,
				B69FE2881C16AD4000943536 /* JKGridInfo.swift */,
				B69FE2861C16896F00943536 /* AppConstants.swift */,
				B663F71E1C12B52B00460420 /* Main.storyboard */,
				B663F7211C12B52B00460420 /* Assets.xcassets */,
				B663F7231C12B52B00460420 /* LaunchScreen.storyboard */,
				B663F7261C12B52B00460420 /* Info.plist */,
			);
			path = "PingTu-swift";
			sourceTree = "<group>";
		};
/* End PBXGroup section */

/* Begin PBXNativeTarget section */
		B663F7161C12B52B00460420 /* PingTu-swift */ = {
			isa = PBXNativeTarget;
			buildConfigurationList = B663F7291C12B52B00460420 /* Build configuration list for PBXNativeTarget "PingTu-swift" */;
			buildPhases = (
				D2E20E1BB7E7BDF6A146271E /* Check Pods Manifest.lock */,
				B663F7131C12B52B00460420 /* Sources */,
				B663F7141C12B52B00460420 /* Frameworks */,
				B663F7151C12B52B00460420 /* Resources */,
				3F34D048E0C1650142485304 /* Embed Pods Frameworks */,
				BB0B84DBD6A0E425249BFB9C /* Copy Pods Resources */,
			);
			buildRules = (
			);
			dependencies = (
			);
			name = "PingTu-swift";
			productName = "PingTu-swift";
			productReference = B663F7171C12B52B00460420 /* PingTu-swift.app */;
			productType = "com.apple.product-type.application";
		};
/* End PBXNativeTarget section */

/* Begin PBXProject section */
		B663F70F1C12B52B00460420 /* Project object */ = {
			isa = PBXProject;
			attributes = {
				LastSwiftUpdateCheck = 0710;
				LastUpgradeCheck = 0710;
				ORGANIZATIONNAME = Bingjie;
				TargetAttributes = {
					B663F7161C12B52B00460420 = {
						CreatedOnToolsVersion = 7.1.1;
					};
				};
			};
			buildConfigurationList = B663F7121C12B52B00460420 /* Build configuration list for PBXProject "PingTu-swift" */;
			compatibilityVersion = "Xcode 3.2";
			developmentRegion = English;
			hasScannedForEncodings = 0;
			knownRegions = (
				en,
				Base,
			);
			mainGroup = B663F70E1C12B52B00460420;
			productRefGroup = B663F7181C12B52B00460420 /* Products */;
			projectDirPath = "";
			projectRoot = "";
			targets = (
				B663F7161C12B52B00460420 /* PingTu-swift */,
			);
		};
/* End PBXProject section */

/* Begin PBXResourcesBuildPhase section */
		B663F7151C12B52B00460420 /* Resources */ = {
			isa = PBXResourcesBuildPhase;
			buildActionMask = 2147483647;
			files = (
				B663F7251C12B52B00460420 /* LaunchScreen.storyboard in Resources */,
				B64DE4361C15679B00A52792 /* OtherViewController.xib in Resources */,
				B663F7221C12B52B00460420 /* Assets.xcassets in Resources */,
				B63900861C1953FC00AE9C73 /* JKHBTagCell.xib in Resources */,
				B663F7201C12B52B00460420 /* Main.storyboard in Resources */,
				B663F73B1C12B6E500460420 /* HomeViewController.xib in Resources */,
			);
			runOnlyForDeploymentPostprocessing = 0;
		};
/* End PBXResourcesBuildPhase section */

/* Begin PBXShellScriptBuildPhase section */
		3F34D048E0C1650142485304 /* Embed Pods Frameworks */ = {
			isa = PBXShellScriptBuildPhase;
			buildActionMask = 2147483647;
			files = (
			);
			inputPaths = (
			);
			name = "Embed Pods Frameworks";
			outputPaths = (
			);
			runOnlyForDeploymentPostprocessing = 0;
			shellPath = /bin/sh;
			shellScript = "\"${SRCROOT}/Pods/Target Support Files/Pods-PingTu-swift/Pods-PingTu-swift-frameworks.sh\"\n";
			showEnvVarsInLog = 0;
		};
		BB0B84DBD6A0E425249BFB9C /* Copy Pods Resources */ = {
			isa = PBXShellScriptBuildPhase;
			buildActionMask = 2147483647;
			files = (
			);
			inputPaths = (
			);
			name = "Copy Pods Resources";
			outputPaths = (
			);
			runOnlyForDeploymentPostprocessing = 0;
			shellPath = /bin/sh;
			shellScript = "\"${SRCROOT}/Pods/Target Support Files/Pods-PingTu-swift/Pods-PingTu-swift-resources.sh\"\n";
			showEnvVarsInLog = 0;
		};
		D2E20E1BB7E7BDF6A146271E /* Check Pods Manifest.lock */ = {
			isa = PBXShellScriptBuildPhase;
			buildActionMask = 2147483647;
			files = (
			);
			inputPaths = (
			);
			name = "Check Pods Manifest.lock";
			outputPaths = (
			);
			runOnlyForDeploymentPostprocessing = 0;
			shellPath = /bin/sh;
			shellScript = "diff \"${PODS_ROOT}/../Podfile.lock\" \"${PODS_ROOT}/Manifest.lock\" > /dev/null\nif [[ $? != 0 ]] ; then\n    cat << EOM\nerror: The sandbox is not in sync with the Podfile.lock. Run 'pod install' or update your CocoaPods installation.\nEOM\n    exit 1\nfi\n";
			showEnvVarsInLog = 0;
		};
/* End PBXShellScriptBuildPhase section */

/* Begin PBXSourcesBuildPhase section */
		B663F7131C12B52B00460420 /* Sources */ = {
			isa = PBXSourcesBuildPhase;
			buildActionMask = 2147483647;
			files = (
				B639008A1C1984DA00AE9C73 /* JKHBTagDetailInfo.swift in Sources */,
				B663F73A1C12B6E500460420 /* HomeViewController.swift in Sources */,
				B63900881C19652600AE9C73 /* JKHBTagInfo.swift in Sources */,
				B69FE2871C16896F00943536 /* AppConstants.swift in Sources */,
				B663F71D1C12B52B00460420 /* ViewController.swift in Sources */,
				B663F71B1C12B52B00460420 /* AppDelegate.swift in Sources */,
				B639007C1C194F6900AE9C73 /* JKHBTagViewController.swift in Sources */,
				B663F73E1C12D00A00460420 /* GameViewController.swift in Sources */,
				B639007A1C194F1000AE9C73 /* BaseViewController.swift in Sources */,
				B639007E1C194FB200AE9C73 /* JKHBImageListViewController.swift in Sources */,
				B63900791C194F1000AE9C73 /* BaseNavigationController.swift in Sources */,
				B64DE4351C15679B00A52792 /* OtherViewController.swift in Sources */,
				B63900851C1953FC00AE9C73 /* JKHBTagCell.swift in Sources */,
				B69FE2891C16AD4000943536 /* JKGridInfo.swift in Sources */,
				B663F7411C12D43F00460420 /* GameView.swift in Sources */,
			);
			runOnlyForDeploymentPostprocessing = 0;
		};
/* End PBXSourcesBuildPhase section */

/* Begin PBXVariantGroup section */
		B663F71E1C12B52B00460420 /* Main.storyboard */ = {
			isa = PBXVariantGroup;
			children = (
				B663F71F1C12B52B00460420 /* Base */,
			);
			name = Main.storyboard;
			sourceTree = "<group>";
		};
		B663F7231C12B52B00460420 /* LaunchScreen.storyboard */ = {
			isa = PBXVariantGroup;
			children = (
				B663F7241C12B52B00460420 /* Base */,
			);
			name = LaunchScreen.storyboard;
			sourceTree = "<group>";
		};
/* End PBXVariantGroup section */

/* Begin XCBuildConfiguration section */
		B663F7271C12B52B00460420 /* Debug */ = {
			isa = XCBuildConfiguration;
			buildSettings = {
				ALWAYS_SEARCH_USER_PATHS = NO;
				CLANG_CXX_LANGUAGE_STANDARD = "gnu++0x";
				CLANG_CXX_LIBRARY = "libc++";
				CLANG_ENABLE_MODULES = YES;
				CLANG_ENABLE_OBJC_ARC = YES;
				CLANG_WARN_BOOL_CONVERSION = YES;
				CLANG_WARN_CONSTANT_CONVERSION = YES;
				CLANG_WARN_DIRECT_OBJC_ISA_USAGE = YES_ERROR;
				CLANG_WARN_EMPTY_BODY = YES;
				CLANG_WARN_ENUM_CONVERSION = YES;
				CLANG_WARN_INT_CONVERSION = YES;
				CLANG_WARN_OBJC_ROOT_CLASS = YES_ERROR;
				CLANG_WARN_UNREACHABLE_CODE = YES;
				CLANG_WARN__DUPLICATE_METHOD_MATCH = YES;
				"CODE_SIGN_IDENTITY[sdk=iphoneos*]" = "iPhone Developer";
				COPY_PHASE_STRIP = NO;
				DEBUG_INFORMATION_FORMAT = dwarf;
				ENABLE_STRICT_OBJC_MSGSEND = YES;
				ENABLE_TESTABILITY = YES;
				GCC_C_LANGUAGE_STANDARD = gnu99;
				GCC_DYNAMIC_NO_PIC = NO;
				GCC_NO_COMMON_BLOCKS = YES;
				GCC_OPTIMIZATION_LEVEL = 0;
				GCC_PREPROCESSOR_DEFINITIONS = (
					"DEBUG=1",
					"$(inherited)",
				);
				GCC_WARN_64_TO_32_BIT_CONVERSION = YES;
				GCC_WARN_ABOUT_RETURN_TYPE = YES_ERROR;
				GCC_WARN_UNDECLARED_SELECTOR = YES;
				GCC_WARN_UNINITIALIZED_AUTOS = YES_AGGRESSIVE;
				GCC_WARN_UNUSED_FUNCTION = YES;
				GCC_WARN_UNUSED_VARIABLE = YES;
				IPHONEOS_DEPLOYMENT_TARGET = 9.1;
				MTL_ENABLE_DEBUG_INFO = YES;
				ONLY_ACTIVE_ARCH = YES;
				SDKROOT = iphoneos;
				SWIFT_OPTIMIZATION_LEVEL = "-Onone";
			};
			name = Debug;
		};
		B663F7281C12B52B00460420 /* Release */ = {
			isa = XCBuildConfiguration;
			buildSettings = {
				ALWAYS_SEARCH_USER_PATHS = NO;
				CLANG_CXX_LANGUAGE_STANDARD = "gnu++0x";
				CLANG_CXX_LIBRARY = "libc++";
				CLANG_ENABLE_MODULES = YES;
				CLANG_ENABLE_OBJC_ARC = YES;
				CLANG_WARN_BOOL_CONVERSION = YES;
				CLANG_WARN_CONSTANT_CONVERSION = YES;
				CLANG_WARN_DIRECT_OBJC_ISA_USAGE = YES_ERROR;
				CLANG_WARN_EMPTY_BODY = YES;
				CLANG_WARN_ENUM_CONVERSION = YES;
				CLANG_WARN_INT_CONVERSION = YES;
				CLANG_WARN_OBJC_ROOT_CLASS = YES_ERROR;
				CLANG_WARN_UNREACHABLE_CODE = YES;
				CLANG_WARN__DUPLICATE_METHOD_MATCH = YES;
				"CODE_SIGN_IDENTITY[sdk=iphoneos*]" = "iPhone Developer";
				COPY_PHASE_STRIP = NO;
				DEBUG_INFORMATION_FORMAT = "dwarf-with-dsym";
				ENABLE_NS_ASSERTIONS = NO;
				ENABLE_STRICT_OBJC_MSGSEND = YES;
				GCC_C_LANGUAGE_STANDARD = gnu99;
				GCC_NO_COMMON_BLOCKS = YES;
				GCC_WARN_64_TO_32_BIT_CONVERSION = YES;
				GCC_WARN_ABOUT_RETURN_TYPE = YES_ERROR;
				GCC_WARN_UNDECLARED_SELECTOR = YES;
				GCC_WARN_UNINITIALIZED_AUTOS = YES_AGGRESSIVE;
				GCC_WARN_UNUSED_FUNCTION = YES;
				GCC_WARN_UNUSED_VARIABLE = YES;
				IPHONEOS_DEPLOYMENT_TARGET = 9.1;
				MTL_ENABLE_DEBUG_INFO = NO;
				SDKROOT = iphoneos;
				VALIDATE_PRODUCT = YES;
			};
			name = Release;
		};
		B663F72A1C12B52B00460420 /* Debug */ = {
			isa = XCBuildConfiguration;
			baseConfigurationReference = AACE39E67379D0A9DC602727 /* Pods-PingTu-swift.debug.xcconfig */;
			buildSettings = {
				ASSETCATALOG_COMPILER_APPICON_NAME = AppIcon;
				"CODE_SIGN_IDENTITY[sdk=iphoneos*]" = "";
				INFOPLIST_FILE = "PingTu-swift/Info.plist";
				LD_RUNPATH_SEARCH_PATHS = "$(inherited) @executable_path/Frameworks";
				PRODUCT_BUNDLE_IDENTIFIER = "Bingjie.PingTu-swift";
				PRODUCT_NAME = "$(TARGET_NAME)";
				PROVISIONING_PROFILE = "92cbcc59-d39a-4d41-b19c-90a9120d2f0d";
			};
			name = Debug;
		};
		B663F72B1C12B52B00460420 /* Release */ = {
			isa = XCBuildConfiguration;
			baseConfigurationReference = 64CB697EA6BAF588E1828EED /* Pods-PingTu-swift.release.xcconfig */;
			buildSettings = {
				ASSETCATALOG_COMPILER_APPICON_NAME = AppIcon;
				"CODE_SIGN_IDENTITY[sdk=iphoneos*]" = "";
				INFOPLIST_FILE = "PingTu-swift/Info.plist";
				LD_RUNPATH_SEARCH_PATHS = "$(inherited) @executable_path/Frameworks";
				PRODUCT_BUNDLE_IDENTIFIER = "Bingjie.PingTu-swift";
				PRODUCT_NAME = "$(TARGET_NAME)";
				PROVISIONING_PROFILE = "92cbcc59-d39a-4d41-b19c-90a9120d2f0d";
			};
			name = Release;
		};
/* End XCBuildConfiguration section */

/* Begin XCConfigurationList section */
		B663F7121C12B52B00460420 /* Build configuration list for PBXProject "PingTu-swift" */ = {
			isa = XCConfigurationList;
			buildConfigurations = (
				B663F7271C12B52B00460420 /* Debug */,
				B663F7281C12B52B00460420 /* Release */,
			);
			defaultConfigurationIsVisible = 0;
			defaultConfigurationName = Release;
		};
		B663F7291C12B52B00460420 /* Build configuration list for PBXNativeTarget "PingTu-swift" */ = {
			isa = XCConfigurationList;
			buildConfigurations = (
				B663F72A1C12B52B00460420 /* Debug */,
				B663F72B1C12B52B00460420 /* Release */,
			);
			defaultConfigurationIsVisible = 0;
			defaultConfigurationName = Release;
		};
/* End XCConfigurationList section */
	};
	rootObject = B663F70F1C12B52B00460420 /* Project object */;
}
